
Microsoft Visual Studio Solution File, Format Version 12.00
# Visual Studio 15
VisualStudioVersion = 15.0.27130.2027
MinimumVisualStudioVersion = 10.0.40219.1
Project("{2150E333-8FDC-42A3-9474-1A3956D46DE8}") = "Solution Items", "Solution Items", "{3B98E954-8D3E-4DE7-98DF-CC31641C0EC6}"
	ProjectSection(SolutionItems) = preProject
		LICENCE = LICENCE
		readme.md = readme.md
	EndProjectSection
EndProject
Project("{2150E333-8FDC-42A3-9474-1A3956D46DE8}") = "src", "src", "{F788AF75-63C2-47B4-A067-33530D402E85}"
EndProject
Project("{2150E333-8FDC-42A3-9474-1A3956D46DE8}") = "samples", "samples", "{B2AD20DD-2DE6-4B0A-AE97-33AD9FAAD79F}"
EndProject
Project("{2150E333-8FDC-42A3-9474-1A3956D46DE8}") = "tests", "tests", "{2A59C6E5-BF30-4726-9CCD-A28F96366831}"
EndProject
Project("{9A19103F-16F7-4668-BE54-9A1E7A4F7556}") = "MVCSample.Bootstrap3", "samples\MVCSample\MVCSample.Bootstrap3.csproj", "{82B5D8FE-B44F-4F8D-A7F6-32BF4F5523E9}"
EndProject
Project("{9A19103F-16F7-4668-BE54-9A1E7A4F7556}") = "CheckBoxList.Core", "src\CheckBoxList\CheckBoxList.Core.csproj", "{93F4C53E-C5E0-477D-8187-86A922451250}"
EndProject
Project("{2150E333-8FDC-42A3-9474-1A3956D46DE8}") = "artifacts", "artifacts", "{CD7B2839-9C65-4F0A-9ACB-0DB62A5CBFB4}"
EndProject
Global
	GlobalSection(SolutionConfigurationPlatforms) = preSolution
		Debug|Any CPU = Debug|Any CPU
		Release|Any CPU = Release|Any CPU
	EndGlobalSection
	GlobalSection(ProjectConfigurationPlatforms) = postSolution
		{82B5D8FE-B44F-4F8D-A7F6-32BF4F5523E9}.Debug|Any CPU.ActiveCfg = Debug|Any CPU
		{82B5D8FE-B44F-4F8D-A7F6-32BF4F5523E9}.Debug|Any CPU.Build.0 = Debug|Any CPU
		{82B5D8FE-B44F-4F8D-A7F6-32BF4F5523E9}.Release|Any CPU.ActiveCfg = Release|Any CPU
		{82B5D8FE-B44F-4F8D-A7F6-32BF4F5523E9}.Release|Any CPU.Build.0 = Release|Any CPU
		{93F4C53E-C5E0-477D-8187-86A922451250}.Debug|Any CPU.ActiveCfg = Debug|Any CPU
		{93F4C53E-C5E0-477D-8187-86A922451250}.Debug|Any CPU.Build.0 = Debug|Any CPU
		{93F4C53E-C5E0-477D-8187-86A922451250}.Release|Any CPU.ActiveCfg = Release|Any CPU
		{93F4C53E-C5E0-477D-8187-86A922451250}.Release|Any CPU.Build.0 = Release|Any CPU
	EndGlobalSection
	GlobalSection(SolutionProperties) = preSolution
		HideSolutionNode = FALSE
	EndGlobalSection
	GlobalSection(NestedProjects) = preSolution
		{F788AF75-63C2-47B4-A067-33530D402E85} = {3B98E954-8D3E-4DE7-98DF-CC31641C0EC6}
		{B2AD20DD-2DE6-4B0A-AE97-33AD9FAAD79F} = {3B98E954-8D3E-4DE7-98DF-CC31641C0EC6}
		{2A59C6E5-BF30-4726-9CCD-A28F96366831} = {3B98E954-8D3E-4DE7-98DF-CC31641C0EC6}
		{82B5D8FE-B44F-4F8D-A7F6-32BF4F5523E9} = {B2AD20DD-2DE6-4B0A-AE97-33AD9FAAD79F}
		{93F4C53E-C5E0-477D-8187-86A922451250} = {F788AF75-63C2-47B4-A067-33530D402E85}
		{CD7B2839-9C65-4F0A-9ACB-0DB62A5CBFB4} = {3B98E954-8D3E-4DE7-98DF-CC31641C0EC6}
	EndGlobalSection
	GlobalSection(ExtensibilityGlobals) = postSolution
		SolutionGuid = {3FA721F7-32E1-4348-B34A-B64E590E47D6}
	EndGlobalSection
EndGlobal
